Microsoft Visual Studio Solution File, Format Version 12.00
# Visual Studio Version 17
VisualStudioVersion = 17.5.2.0
MinimumVisualStudioVersion = 10.0.40219.1
Project("{FAE04EC0-301F-11D3-BF4B-00C04F79EFBC}") = "classList1", "classList1.csproj", "{054F56D5-CAB8-677B-05B8-24971E8A22A5}"
EndProject
Global
	GlobalSection(SolutionConfigurationPlatforms) = preSolution
		Debug|Any CPU = Debug|Any CPU
		Release|Any CPU = Release|Any CPU
	EndGlobalSection
	GlobalSection(ProjectConfigurationPlatforms) = postSolution
		{054F56D5-CAB8-677B-05B8-24971E8A22A5}.Debug|Any CPU.ActiveCfg = Debug|Any CPU
		{054F56D5-CAB8-677B-05B8-24971E8A22A5}.Debug|Any CPU.Build.0 = Debug|Any CPU
		{054F56D5-CAB8-677B-05B8-24971E8A22A5}.Release|Any CPU.ActiveCfg = Release|Any CPU
		{054F56D5-CAB8-677B-05B8-24971E8A22A5}.Release|Any CPU.Build.0 = Release|Any CPU
	EndGlobalSection
	GlobalSection(SolutionProperties) = preSolution
		HideSolutionNode = FALSE
	EndGlobalSection
	GlobalSection(ExtensibilityGlobals) = postSolution
		SolutionGuid = {B1570914-F819-4150-86E4-DD4B2C51D212}
	EndGlobalSection
EndGlobal
