
Microsoft Visual Studio Solution File, Format Version 12.00
# Visual Studio Version 17
VisualStudioVersion = 17.12.35707.178 d17.12
MinimumVisualStudioVersion = 10.0.40219.1
Project("{FAE04EC0-301F-11D3-BF4B-00C04F79EFBC}") = "ex01", "ex01.csproj", "{B7267D00-DD61-4FD4-B4E9-1B0297139924}"
EndProject
Global
	GlobalSection(SolutionConfigurationPlatforms) = preSolution
		Debug|Any CPU = Debug|Any CPU
		Release|Any CPU = Release|Any CPU
	EndGlobalSection
	GlobalSection(ProjectConfigurationPlatforms) = postSolution
		{B7267D00-DD61-4FD4-B4E9-1B0297139924}.Debug|Any CPU.ActiveCfg = Debug|Any CPU
		{B7267D00-DD61-4FD4-B4E9-1B0297139924}.Debug|Any CPU.Build.0 = Debug|Any CPU
		{B7267D00-DD61-4FD4-B4E9-1B0297139924}.Release|Any CPU.ActiveCfg = Release|Any CPU
		{B7267D00-DD61-4FD4-B4E9-1B0297139924}.Release|Any CPU.Build.0 = Release|Any CPU
	EndGlobalSection
	GlobalSection(SolutionProperties) = preSolution
		HideSolutionNode = FALSE
	EndGlobalSection
EndGlobal
