Microsoft Visual Studio Solution File, Format Version 12.00
# Visual Studio Version 17
VisualStudioVersion = 17.5.2.0
MinimumVisualStudioVersion = 10.0.40219.1
Project("{FAE04EC0-301F-11D3-BF4B-00C04F79EFBC}") = "ConsoleApp7", "ConsoleApp7.csproj", "{99B138E2-407B-8DEC-C67E-4C964AEAEA4C}"
EndProject
Global
	GlobalSection(SolutionConfigurationPlatforms) = preSolution
		Debug|Any CPU = Debug|Any CPU
		Release|Any CPU = Release|Any CPU
	EndGlobalSection
	GlobalSection(ProjectConfigurationPlatforms) = postSolution
		{99B138E2-407B-8DEC-C67E-4C964AEAEA4C}.Debug|Any CPU.ActiveCfg = Debug|Any CPU
		{99B138E2-407B-8DEC-C67E-4C964AEAEA4C}.Debug|Any CPU.Build.0 = Debug|Any CPU
		{99B138E2-407B-8DEC-C67E-4C964AEAEA4C}.Release|Any CPU.ActiveCfg = Release|Any CPU
		{99B138E2-407B-8DEC-C67E-4C964AEAEA4C}.Release|Any CPU.Build.0 = Release|Any CPU
	EndGlobalSection
	GlobalSection(SolutionProperties) = preSolution
		HideSolutionNode = FALSE
	EndGlobalSection
	GlobalSection(ExtensibilityGlobals) = postSolution
		SolutionGuid = {2539F920-B232-449B-B8C7-2655C0D2B68A}
	EndGlobalSection
EndGlobal
