Microsoft Visual Studio Solution File, Format Version 12.00
# Visual Studio Version 17
VisualStudioVersion = 17.5.2.0
MinimumVisualStudioVersion = 10.0.40219.1
Project("{FAE04EC0-301F-11D3-BF4B-00C04F79EFBC}") = "ConsoleApp10V2", "ConsoleApp10V2.csproj", "{9055DCD1-6CCD-3A0C-58B4-58BBADCF6408}"
EndProject
Global
	GlobalSection(SolutionConfigurationPlatforms) = preSolution
		Debug|Any CPU = Debug|Any CPU
		Release|Any CPU = Release|Any CPU
	EndGlobalSection
	GlobalSection(ProjectConfigurationPlatforms) = postSolution
		{9055DCD1-6CCD-3A0C-58B4-58BBADCF6408}.Debug|Any CPU.ActiveCfg = Debug|Any CPU
		{9055DCD1-6CCD-3A0C-58B4-58BBADCF6408}.Debug|Any CPU.Build.0 = Debug|Any CPU
		{9055DCD1-6CCD-3A0C-58B4-58BBADCF6408}.Release|Any CPU.ActiveCfg = Release|Any CPU
		{9055DCD1-6CCD-3A0C-58B4-58BBADCF6408}.Release|Any CPU.Build.0 = Release|Any CPU
	EndGlobalSection
	GlobalSection(SolutionProperties) = preSolution
		HideSolutionNode = FALSE
	EndGlobalSection
	GlobalSection(ExtensibilityGlobals) = postSolution
		SolutionGuid = {45BE4A8D-DD16-489E-9D8B-D85BD9E52E70}
	EndGlobalSection
EndGlobal
